// !$*UTF8*$!
{
	archiveVersion = 1;
	classes = {
	};
	objectVersion = 52;
	objects = {

/* Begin PBXBuildFile section */
		8771482C27A5D03A00277301 /* UI in Frameworks */ = {isa = PBXBuildFile; productRef = 8771482B27A5D03A00277301 /* UI */; };
		8771482F27A5D30500277301 /* RESTClient in Frameworks */ = {isa = PBXBuildFile; productRef = 8771482E27A5D30500277301 /* RESTClient */; };
		8771483127A72FA900277301 /* Dependencies.swift in Sources */ = {isa = PBXBuildFile; fileRef = 8771483027A72FA900277301 /* Dependencies.swift */; };
		87D2584A244DEBBA00EE0712 /* Assets.xcassets in Resources */ = {isa = PBXBuildFile; fileRef = 87D25849244DEBBA00EE0712 /* Assets.xcassets */; };
		87D2584D244DEBBA00EE0712 /* Preview Assets.xcassets in Resources */ = {isa = PBXBuildFile; fileRef = 87D2584C244DEBBA00EE0712 /* Preview Assets.xcassets */; };
		87D25850244DEBBA00EE0712 /* LaunchScreen.storyboard in Resources */ = {isa = PBXBuildFile; fileRef = 87D2584E244DEBBA00EE0712 /* LaunchScreen.storyboard */; };
		87D25866244DEBBA00EE0712 /* JSONPlaceholderUITests.swift in Sources */ = {isa = PBXBuildFile; fileRef = 87D25865244DEBBA00EE0712 /* JSONPlaceholderUITests.swift */; };
		BE691C0E250A75C700A30A83 /* AppMain.swift in Sources */ = {isa = PBXBuildFile; fileRef = BE691C0D250A75C700A30A83 /* AppMain.swift */; };
/* End PBXBuildFile section */

/* Begin PBXContainerItemProxy section */
		87D25862244DEBBA00EE0712 /* PBXContainerItemProxy */ = {
			isa = PBXContainerItemProxy;
			containerPortal = 87D25835244DEBB900EE0712 /* Project object */;
			proxyType = 1;
			remoteGlobalIDString = 87D2583C244DEBB900EE0712;
			remoteInfo = JSONPlaceholder;
		};
/* End PBXContainerItemProxy section */

/* Begin PBXCopyFilesBuildPhase section */
		87D25892244DEDCC00EE0712 /* Embed Frameworks */ = {
			isa = PBXCopyFilesBuildPhase;
			buildActionMask = 2147483647;
			dstPath = "";
			dstSubfolderSpec = 10;
			files = (
			);
			name = "Embed Frameworks";
			runOnlyForDeploymentPostprocessing = 0;
		};
/* End PBXCopyFilesBuildPhase section */

/* Begin PBXFileReference section */
		8771482927A5D00600277301 /* UI */ = {isa = PBXFileReference; lastKnownFileType = wrapper; path = UI; sourceTree = "<group>"; };
		8771482D27A5D05D00277301 /* Services */ = {isa = PBXFileReference; lastKnownFileType = wrapper; path = Services; sourceTree = "<group>"; };
		8771483027A72FA900277301 /* Dependencies.swift */ = {isa = PBXFileReference; lastKnownFileType = sourcecode.swift; path = Dependencies.swift; sourceTree = "<group>"; };
		87D2583D244DEBB900EE0712 /* JSONPlaceholder.app */ = {isa = PBXFileReference; explicitFileType = wrapper.application; includeInIndex = 0; path = JSONPlaceholder.app; sourceTree = BUILT_PRODUCTS_DIR; };
		87D25849244DEBBA00EE0712 /* Assets.xcassets */ = {isa = PBXFileReference; lastKnownFileType = folder.assetcatalog; path = Assets.xcassets; sourceTree = "<group>"; };
		87D2584C244DEBBA00EE0712 /* Preview Assets.xcassets */ = {isa = PBXFileReference; lastKnownFileType = folder.assetcatalog; path = "Preview Assets.xcassets"; sourceTree = "<group>"; };
		87D2584F244DEBBA00EE0712 /* Base */ = {isa = PBXFileReference; lastKnownFileType = file.storyboard; name = Base; path = Base.lproj/LaunchScreen.storyboard; sourceTree = "<group>"; };
		87D25851244DEBBA00EE0712 /* Info.plist */ = {isa = PBXFileReference; lastKnownFileType = text.plist.xml; path = Info.plist; sourceTree = "<group>"; };
		87D25861244DEBBA00EE0712 /* JSONPlaceholderUITests.xctest */ = {isa = PBXFileReference; explicitFileType = wrapper.cfbundle; includeInIndex = 0; path = JSONPlaceholderUITests.xctest; sourceTree = BUILT_PRODUCTS_DIR; };
		87D25865244DEBBA00EE0712 /* JSONPlaceholderUITests.swift */ = {isa = PBXFileReference; lastKnownFileType = sourcecode.swift; path = JSONPlaceholderUITests.swift; sourceTree = "<group>"; };
		87D25867244DEBBA00EE0712 /* Info.plist */ = {isa = PBXFileReference; lastKnownFileType = text.plist.xml; path = Info.plist; sourceTree = "<group>"; };
		BE691C0D250A75C700A30A83 /* AppMain.swift */ = {isa = PBXFileReference; lastKnownFileType = sourcecode.swift; path = AppMain.swift; sourceTree = "<group>"; };
/* End PBXFileReference section */

/* Begin PBXFrameworksBuildPhase section */
		87D2583A244DEBB900EE0712 /* Frameworks */ = {
			isa = PBXFrameworksBuildPhase;
			buildActionMask = 2147483647;
			files = (
				8771482C27A5D03A00277301 /* UI in Frameworks */,
				8771482F27A5D30500277301 /* RESTClient in Frameworks */,
			);
			runOnlyForDeploymentPostprocessing = 0;
		};
		87D2585E244DEBBA00EE0712 /* Frameworks */ = {
			isa = PBXFrameworksBuildPhase;
			buildActionMask = 2147483647;
			files = (
			);
			runOnlyForDeploymentPostprocessing = 0;
		};
/* End PBXFrameworksBuildPhase section */

/* Begin PBXGroup section */
		8771482827A5D00600277301 /* Packages */ = {
			isa = PBXGroup;
			children = (
				8771482927A5D00600277301 /* UI */,
				8771482D27A5D05D00277301 /* Services */,
			);
			name = Packages;
			sourceTree = "<group>";
		};
		8771482A27A5D03A00277301 /* Frameworks */ = {
			isa = PBXGroup;
			children = (
			);
			name = Frameworks;
			sourceTree = "<group>";
		};
		87D25834244DEBB900EE0712 = {
			isa = PBXGroup;
			children = (
				8771482827A5D00600277301 /* Packages */,
				87D2583F244DEBB900EE0712 /* JSONPlaceholder */,
				87D25864244DEBBA00EE0712 /* JSONPlaceholderUITests */,
				87D2583E244DEBB900EE0712 /* Products */,
				8771482A27A5D03A00277301 /* Frameworks */,
			);
			sourceTree = "<group>";
		};
		87D2583E244DEBB900EE0712 /* Products */ = {
			isa = PBXGroup;
			children = (
				87D2583D244DEBB900EE0712 /* JSONPlaceholder.app */,
				87D25861244DEBBA00EE0712 /* JSONPlaceholderUITests.xctest */,
			);
			name = Products;
			sourceTree = "<group>";
		};
		87D2583F244DEBB900EE0712 /* JSONPlaceholder */ = {
			isa = PBXGroup;
			children = (
				BE691C0D250A75C700A30A83 /* AppMain.swift */,
				8771483027A72FA900277301 /* Dependencies.swift */,
				87D25849244DEBBA00EE0712 /* Assets.xcassets */,
				87D2584E244DEBBA00EE0712 /* LaunchScreen.storyboard */,
				87D25851244DEBBA00EE0712 /* Info.plist */,
				87D2584B244DEBBA00EE0712 /* Preview Content */,
			);
			path = JSONPlaceholder;
			sourceTree = "<group>";
		};
		87D2584B244DEBBA00EE0712 /* Preview Content */ = {
			isa = PBXGroup;
			children = (
				87D2584C244DEBBA00EE0712 /* Preview Assets.xcassets */,
			);
			path = "Preview Content";
			sourceTree = "<group>";
		};
		87D25864244DEBBA00EE0712 /* JSONPlaceholderUITests */ = {
			isa = PBXGroup;
			children = (
				87D25865244DEBBA00EE0712 /* JSONPlaceholderUITests.swift */,
				87D25867244DEBBA00EE0712 /* Info.plist */,
			);
			path = JSONPlaceholderUITests;
			sourceTree = "<group>";
		};
/* End PBXGroup section */

/* Begin PBXNativeTarget section */
		87D2583C244DEBB900EE0712 /* JSONPlaceholder */ = {
			isa = PBXNativeTarget;
			buildConfigurationList = 87D2586A244DEBBA00EE0712 /* Build configuration list for PBXNativeTarget "JSONPlaceholder" */;
			buildPhases = (
				87D25839244DEBB900EE0712 /* Sources */,
				87D2583A244DEBB900EE0712 /* Frameworks */,
				87D2583B244DEBB900EE0712 /* Resources */,
				87D25892244DEDCC00EE0712 /* Embed Frameworks */,
			);
			buildRules = (
			);
			dependencies = (
			);
			name = JSONPlaceholder;
			packageProductDependencies = (
				8771482B27A5D03A00277301 /* UI */,
				8771482E27A5D30500277301 /* RESTClient */,
			);
			productName = JSONPlaceholder;
			productReference = 87D2583D244DEBB900EE0712 /* JSONPlaceholder.app */;
			productType = "com.apple.product-type.application";
		};
		87D25860244DEBBA00EE0712 /* JSONPlaceholderUITests */ = {
			isa = PBXNativeTarget;
			buildConfigurationList = 87D25870244DEBBA00EE0712 /* Build configuration list for PBXNativeTarget "JSONPlaceholderUITests" */;
			buildPhases = (
				87D2585D244DEBBA00EE0712 /* Sources */,
				87D2585E244DEBBA00EE0712 /* Frameworks */,
				87D2585F244DEBBA00EE0712 /* Resources */,
			);
			buildRules = (
			);
			dependencies = (
				87D25863244DEBBA00EE0712 /* PBXTargetDependency */,
			);
			name = JSONPlaceholderUITests;
			productName = JSONPlaceholderUITests;
			productReference = 87D25861244DEBBA00EE0712 /* JSONPlaceholderUITests.xctest */;
			productType = "com.apple.product-type.bundle.ui-testing";
		};
/* End PBXNativeTarget section */

/* Begin PBXProject section */
		87D25835244DEBB900EE0712 /* Project object */ = {
			isa = PBXProject;
			attributes = {
				LastSwiftUpdateCheck = 1200;
				LastUpgradeCheck = 1200;
				ORGANIZATIONNAME = "Bill Dunay";
				TargetAttributes = {
					87D2583C244DEBB900EE0712 = {
						CreatedOnToolsVersion = 11.4;
					};
					87D25860244DEBBA00EE0712 = {
						CreatedOnToolsVersion = 11.4;
						TestTargetID = 87D2583C244DEBB900EE0712;
					};
				};
			};
			buildConfigurationList = 87D25838244DEBB900EE0712 /* Build configuration list for PBXProject "JSONPlaceholder" */;
			compatibilityVersion = "Xcode 9.3";
			developmentRegion = en;
			hasScannedForEncodings = 0;
			knownRegions = (
				en,
				Base,
			);
			mainGroup = 87D25834244DEBB900EE0712;
			productRefGroup = 87D2583E244DEBB900EE0712 /* Products */;
			projectDirPath = "";
			projectRoot = "";
			targets = (
				87D2583C244DEBB900EE0712 /* JSONPlaceholder */,
				87D25860244DEBBA00EE0712 /* JSONPlaceholderUITests */,
			);
		};
/* End PBXProject section */

/* Begin PBXResourcesBuildPhase section */
		87D2583B244DEBB900EE0712 /* Resources */ = {
			isa = PBXResourcesBuildPhase;
			buildActionMask = 2147483647;
			files = (
				87D25850244DEBBA00EE0712 /* LaunchScreen.storyboard in Resources */,
				87D2584D244DEBBA00EE0712 /* Preview Assets.xcassets in Resources */,
				87D2584A244DEBBA00EE0712 /* Assets.xcassets in Resources */,
			);
			runOnlyForDeploymentPostprocessing = 0;
		};
		87D2585F244DEBBA00EE0712 /* Resources */ = {
			isa = PBXResourcesBuildPhase;
			buildActionMask = 2147483647;
			files = (
			);
			runOnlyForDeploymentPostprocessing = 0;
		};
/* End PBXResourcesBuildPhase section */

/* Begin PBXSourcesBuildPhase section */
		87D25839244DEBB900EE0712 /* Sources */ = {
			isa = PBXSourcesBuildPhase;
			buildActionMask = 2147483647;
			files = (
				8771483127A72FA900277301 /* Dependencies.swift in Sources */,
				BE691C0E250A75C700A30A83 /* AppMain.swift in Sources */,
			);
			runOnlyForDeploymentPostprocessing = 0;
		};
		87D2585D244DEBBA00EE0712 /* Sources */ = {
			isa = PBXSourcesBuildPhase;
			buildActionMask = 2147483647;
			files = (
				87D25866244DEBBA00EE0712 /* JSONPlaceholderUITests.swift in Sources */,
			);
			runOnlyForDeploymentPostprocessing = 0;
		};
/* End PBXSourcesBuildPhase section */

/* Begin PBXTargetDependency section */
		87D25863244DEBBA00EE0712 /* PBXTargetDependency */ = {
			isa = PBXTargetDependency;
			target = 87D2583C244DEBB900EE0712 /* JSONPlaceholder */;
			targetProxy = 87D25862244DEBBA00EE0712 /* PBXContainerItemProxy */;
		};
/* End PBXTargetDependency section */

/* Begin PBXVariantGroup section */
		87D2584E244DEBBA00EE0712 /* LaunchScreen.storyboard */ = {
			isa = PBXVariantGroup;
			children = (
				87D2584F244DEBBA00EE0712 /* Base */,
			);
			name = LaunchScreen.storyboard;
			sourceTree = "<group>";
		};
/* End PBXVariantGroup section */

/* Begin XCBuildConfiguration section */
		87D25868244DEBBA00EE0712 /* Debug */ = {
			isa = XCBuildConfiguration;
			buildSettings = {
				ALWAYS_SEARCH_USER_PATHS = NO;
				CLANG_ANALYZER_NONNULL = YES;
				CLANG_ANALYZER_NUMBER_OBJECT_CONVERSION = YES_AGGRESSIVE;
				CLANG_CXX_LANGUAGE_STANDARD = "gnu++14";
				CLANG_CXX_LIBRARY = "libc++";
				CLANG_ENABLE_MODULES = YES;
				CLANG_ENABLE_OBJC_ARC = YES;
				CLANG_ENABLE_OBJC_WEAK = YES;
				CLANG_WARN_BLOCK_CAPTURE_AUTORELEASING = YES;
				CLANG_WARN_BOOL_CONVERSION = YES;
				CLANG_WARN_COMMA = YES;
				CLANG_WARN_CONSTANT_CONVERSION = YES;
				CLANG_WARN_DEPRECATED_OBJC_IMPLEMENTATIONS = YES;
				CLANG_WARN_DIRECT_OBJC_ISA_USAGE = YES_ERROR;
				CLANG_WARN_DOCUMENTATION_COMMENTS = YES;
				CLANG_WARN_EMPTY_BODY = YES;
				CLANG_WARN_ENUM_CONVERSION = YES;
				CLANG_WARN_INFINITE_RECURSION = YES;
				CLANG_WARN_INT_CONVERSION = YES;
				CLANG_WARN_NON_LITERAL_NULL_CONVERSION = YES;
				CLANG_WARN_OBJC_IMPLICIT_RETAIN_SELF = YES;
				CLANG_WARN_OBJC_LITERAL_CONVERSION = YES;
				CLANG_WARN_OBJC_ROOT_CLASS = YES_ERROR;
				CLANG_WARN_QUOTED_INCLUDE_IN_FRAMEWORK_HEADER = YES;
				CLANG_WARN_RANGE_LOOP_ANALYSIS = YES;
				CLANG_WARN_STRICT_PROTOTYPES = YES;
				CLANG_WARN_SUSPICIOUS_MOVE = YES;
				CLANG_WARN_UNGUARDED_AVAILABILITY = YES_AGGRESSIVE;
				CLANG_WARN_UNREACHABLE_CODE = YES;
				CLANG_WARN__DUPLICATE_METHOD_MATCH = YES;
				COPY_PHASE_STRIP = NO;
				DEBUG_INFORMATION_FORMAT = dwarf;
				ENABLE_STRICT_OBJC_MSGSEND = YES;
				ENABLE_TESTABILITY = YES;
				GCC_C_LANGUAGE_STANDARD = gnu11;
				GCC_DYNAMIC_NO_PIC = NO;
				GCC_NO_COMMON_BLOCKS = YES;
				GCC_OPTIMIZATION_LEVEL = 0;
				GCC_PREPROCESSOR_DEFINITIONS = (
					"DEBUG=1",
					"$(inherited)",
				);
				GCC_WARN_64_TO_32_BIT_CONVERSION = YES;
				GCC_WARN_ABOUT_RETURN_TYPE = YES_ERROR;
				GCC_WARN_UNDECLARED_SELECTOR = YES;
				GCC_WARN_UNINITIALIZED_AUTOS = YES_AGGRESSIVE;
				GCC_WARN_UNUSED_FUNCTION = YES;
				GCC_WARN_UNUSED_VARIABLE = YES;
				IPHONEOS_DEPLOYMENT_TARGET = 15.0;
				MTL_ENABLE_DEBUG_INFO = INCLUDE_SOURCE;
				MTL_FAST_MATH = YES;
				ONLY_ACTIVE_ARCH = YES;
				SDKROOT = iphoneos;
				SWIFT_ACTIVE_COMPILATION_CONDITIONS = DEBUG;
				SWIFT_OPTIMIZATION_LEVEL = "-Onone";
			};
			name = Debug;
		};
		87D25869244DEBBA00EE0712 /* Release */ = {
			isa = XCBuildConfiguration;
			buildSettings = {
				ALWAYS_SEARCH_USER_PATHS = NO;
				CLANG_ANALYZER_NONNULL = YES;
				CLANG_ANALYZER_NUMBER_OBJECT_CONVERSION = YES_AGGRESSIVE;
				CLANG_CXX_LANGUAGE_STANDARD = "gnu++14";
				CLANG_CXX_LIBRARY = "libc++";
				CLANG_ENABLE_MODULES = YES;
				CLANG_ENABLE_OBJC_ARC = YES;
				CLANG_ENABLE_OBJC_WEAK = YES;
				CLANG_WARN_BLOCK_CAPTURE_AUTORELEASING = YES;
				CLANG_WARN_BOOL_CONVERSION = YES;
				CLANG_WARN_COMMA = YES;
				CLANG_WARN_CONSTANT_CONVERSION = YES;
				CLANG_WARN_DEPRECATED_OBJC_IMPLEMENTATIONS = YES;
				CLANG_WARN_DIRECT_OBJC_ISA_USAGE = YES_ERROR;
				CLANG_WARN_DOCUMENTATION_COMMENTS = YES;
				CLANG_WARN_EMPTY_BODY = YES;
				CLANG_WARN_ENUM_CONVERSION = YES;
				CLANG_WARN_INFINITE_RECURSION = YES;
				CLANG_WARN_INT_CONVERSION = YES;
				CLANG_WARN_NON_LITERAL_NULL_CONVERSION = YES;
				CLANG_WARN_OBJC_IMPLICIT_RETAIN_SELF = YES;
				CLANG_WARN_OBJC_LITERAL_CONVERSION = YES;
				CLANG_WARN_OBJC_ROOT_CLASS = YES_ERROR;
				CLANG_WARN_QUOTED_INCLUDE_IN_FRAMEWORK_HEADER = YES;
				CLANG_WARN_RANGE_LOOP_ANALYSIS = YES;
				CLANG_WARN_STRICT_PROTOTYPES = YES;
				CLANG_WARN_SUSPICIOUS_MOVE = YES;
				CLANG_WARN_UNGUARDED_AVAILABILITY = YES_AGGRESSIVE;
				CLANG_WARN_UNREACHABLE_CODE = YES;
				CLANG_WARN__DUPLICATE_METHOD_MATCH = YES;
				COPY_PHASE_STRIP = NO;
				DEBUG_INFORMATION_FORMAT = "dwarf-with-dsym";
				ENABLE_NS_ASSERTIONS = NO;
				ENABLE_STRICT_OBJC_MSGSEND = YES;
				GCC_C_LANGUAGE_STANDARD = gnu11;
				GCC_NO_COMMON_BLOCKS = YES;
				GCC_WARN_64_TO_32_BIT_CONVERSION = YES;
				GCC_WARN_ABOUT_RETURN_TYPE = YES_ERROR;
				GCC_WARN_UNDECLARED_SELECTOR = YES;
				GCC_WARN_UNINITIALIZED_AUTOS = YES_AGGRESSIVE;
				GCC_WARN_UNUSED_FUNCTION = YES;
				GCC_WARN_UNUSED_VARIABLE = YES;
				IPHONEOS_DEPLOYMENT_TARGET = 15.0;
				MTL_ENABLE_DEBUG_INFO = NO;
				MTL_FAST_MATH = YES;
				SDKROOT = iphoneos;
				SWIFT_COMPILATION_MODE = wholemodule;
				SWIFT_OPTIMIZATION_LEVEL = "-O";
				VALIDATE_PRODUCT = YES;
			};
			name = Release;
		};
		87D2586B244DEBBA00EE0712 /* Debug */ = {
			isa = XCBuildConfiguration;
			buildSettings = {
				ALWAYS_EMBED_SWIFT_STANDARD_LIBRARIES = YES;
				ASSETCATALOG_COMPILER_APPICON_NAME = AppIcon;
				CODE_SIGN_STYLE = Automatic;
				DEVELOPMENT_ASSET_PATHS = "\"JSONPlaceholder/Preview Content\"";
				DEVELOPMENT_TEAM = P8EVH6L39T;
				ENABLE_PREVIEWS = YES;
				INFOPLIST_FILE = JSONPlaceholder/Info.plist;
				IPHONEOS_DEPLOYMENT_TARGET = 15.0;
				LD_RUNPATH_SEARCH_PATHS = (
					"$(inherited)",
					"@executable_path/Frameworks",
				);
				PRODUCT_BUNDLE_IDENTIFIER = net.dunay.JSONPlaceholder;
				PRODUCT_NAME = "$(TARGET_NAME)";
				SWIFT_VERSION = 5.0;
				TARGETED_DEVICE_FAMILY = "1,2";
			};
			name = Debug;
		};
		87D2586C244DEBBA00EE0712 /* Release */ = {
			isa = XCBuildConfiguration;
			buildSettings = {
				ALWAYS_EMBED_SWIFT_STANDARD_LIBRARIES = YES;
				ASSETCATALOG_COMPILER_APPICON_NAME = AppIcon;
				CODE_SIGN_STYLE = Automatic;
				DEVELOPMENT_ASSET_PATHS = "\"JSONPlaceholder/Preview Content\"";
				DEVELOPMENT_TEAM = P8EVH6L39T;
				ENABLE_PREVIEWS = YES;
				INFOPLIST_FILE = JSONPlaceholder/Info.plist;
				IPHONEOS_DEPLOYMENT_TARGET = 15.0;
				LD_RUNPATH_SEARCH_PATHS = (
					"$(inherited)",
					"@executable_path/Frameworks",
				);
				PRODUCT_BUNDLE_IDENTIFIER = net.dunay.JSONPlaceholder;
				PRODUCT_NAME = "$(TARGET_NAME)";
				SWIFT_VERSION = 5.0;
				TARGETED_DEVICE_FAMILY = "1,2";
			};
			name = Release;
		};
		87D25871244DEBBA00EE0712 /* Debug */ = {
			isa = XCBuildConfiguration;
			buildSettings = {
				ALWAYS_EMBED_SWIFT_STANDARD_LIBRARIES = YES;
				CODE_SIGN_STYLE = Automatic;
				DEVELOPMENT_TEAM = P8EVH6L39T;
				INFOPLIST_FILE = JSONPlaceholderUITests/Info.plist;
				LD_RUNPATH_SEARCH_PATHS = (
					"$(inherited)",
					"@executable_path/Frameworks",
					"@loader_path/Frameworks",
				);
				PRODUCT_BUNDLE_IDENTIFIER = net.dunay.JSONPlaceholderUITests;
				PRODUCT_NAME = "$(TARGET_NAME)";
				SWIFT_VERSION = 5.0;
				TARGETED_DEVICE_FAMILY = "1,2";
				TEST_TARGET_NAME = JSONPlaceholder;
			};
			name = Debug;
		};
		87D25872244DEBBA00EE0712 /* Release */ = {
			isa = XCBuildConfiguration;
			buildSettings = {
				ALWAYS_EMBED_SWIFT_STANDARD_LIBRARIES = YES;
				CODE_SIGN_STYLE = Automatic;
				DEVELOPMENT_TEAM = P8EVH6L39T;
				INFOPLIST_FILE = JSONPlaceholderUITests/Info.plist;
				LD_RUNPATH_SEARCH_PATHS = (
					"$(inherited)",
					"@executable_path/Frameworks",
					"@loader_path/Frameworks",
				);
				PRODUCT_BUNDLE_IDENTIFIER = net.dunay.JSONPlaceholderUITests;
				PRODUCT_NAME = "$(TARGET_NAME)";
				SWIFT_VERSION = 5.0;
				TARGETED_DEVICE_FAMILY = "1,2";
				TEST_TARGET_NAME = JSONPlaceholder;
			};
			name = Release;
		};
/* End XCBuildConfiguration section */

/* Begin XCConfigurationList section */
		87D25838244DEBB900EE0712 /* Build configuration list for PBXProject "JSONPlaceholder" */ = {
			isa = XCConfigurationList;
			buildConfigurations = (
				87D25868244DEBBA00EE0712 /* Debug */,
				87D25869244DEBBA00EE0712 /* Release */,
			);
			defaultConfigurationIsVisible = 0;
			defaultConfigurationName = Release;
		};
		87D2586A244DEBBA00EE0712 /* Build configuration list for PBXNativeTarget "JSONPlaceholder" */ = {
			isa = XCConfigurationList;
			buildConfigurations = (
				87D2586B244DEBBA00EE0712 /* Debug */,
				87D2586C244DEBBA00EE0712 /* Release */,
			);
			defaultConfigurationIsVisible = 0;
			defaultConfigurationName = Release;
		};
		87D25870244DEBBA00EE0712 /* Build configuration list for PBXNativeTarget "JSONPlaceholderUITests" */ = {
			isa = XCConfigurationList;
			buildConfigurations = (
				87D25871244DEBBA00EE0712 /* Debug */,
				87D25872244DEBBA00EE0712 /* Release */,
			);
			defaultConfigurationIsVisible = 0;
			defaultConfigurationName = Release;
		};
/* End XCConfigurationList section */

/* Begin XCSwiftPackageProductDependency section */
		8771482B27A5D03A00277301 /* UI */ = {
			isa = XCSwiftPackageProductDependency;
			productName = UI;
		};
		8771482E27A5D30500277301 /* RESTClient */ = {
			isa = XCSwiftPackageProductDependency;
			productName = RESTClient;
		};
/* End XCSwiftPackageProductDependency section */
	};
	rootObject = 87D25835244DEBB900EE0712 /* Project object */;
}
